
Microsoft Visual Studio Solution File, Format Version 12.00
# Visual Studio 15
VisualStudioVersion = 15.0.27004.2002
MinimumVisualStudioVersion = 10.0.40219.1
Project("{FAE04EC0-301F-11D3-BF4B-00C04F79EFBC}") = "WindowsFormsApp1", "WindowsFormsApp1\WindowsFormsApp1.csproj", "{DFE394A2-EEA3-4088-8660-716D11B0639B}"
EndProject
Global
	GlobalSection(SolutionConfigurationPlatforms) = preSolution
		Debug|Any CPU = Debug|Any CPU
		Release|Any CPU = Release|Any CPU
	EndGlobalSection
	GlobalSection(ProjectConfigurationPlatforms) = postSolution
		{DFE394A2-EEA3-4088-8660-716D11B0639B}.Debug|Any CPU.ActiveCfg = Debug|Any CPU
		{DFE394A2-EEA3-4088-8660-716D11B0639B}.Debug|Any CPU.Build.0 = Debug|Any CPU
		{DFE394A2-EEA3-4088-8660-716D11B0639B}.Release|Any CPU.ActiveCfg = Release|Any CPU
		{DFE394A2-EEA3-4088-8660-716D11B0639B}.Release|Any CPU.Build.0 = Release|Any CPU
	EndGlobalSection
	GlobalSection(SolutionProperties) = preSolution
		HideSolutionNode = FALSE
	EndGlobalSection
	GlobalSection(ExtensibilityGlobals) = postSolution
		SolutionGuid = {B02FDD27-7BA9-4789-A0E8-7861BE1843D8}
	EndGlobalSection
EndGlobal
